Microsoft Visual Studio Solution File, Format Version 11.00
# Visual Studio 2008

Project("{E8375D7C-D983-EFCB-F956-DA5937050FFC}") = "bill", "Assembly-CSharp.csproj", "{17297679-5D4D-8691-B638-5AFB31C3A1BE}"
EndProject
Global
	GlobalSection(SolutionConfigurationPlatforms) = preSolution
		Debug|Any CPU = Debug|Any CPU
		Release|Any CPU = Release|Any CPU
	EndGlobalSection
	GlobalSection(ProjectConfigurationPlatforms) = postSolution
		{17297679-5D4D-8691-B638-5AFB31C3A1BE}.Debug|Any CPU.ActiveCfg = Debug|Any CPU
		{17297679-5D4D-8691-B638-5AFB31C3A1BE}.Debug|Any CPU.Build.0 = Debug|Any CPU
		{17297679-5D4D-8691-B638-5AFB31C3A1BE}.Release|Any CPU.ActiveCfg = Release|Any CPU
		{17297679-5D4D-8691-B638-5AFB31C3A1BE}.Release|Any CPU.Build.0 = Release|Any CPU
	EndGlobalSection
	GlobalSection(SolutionProperties) = preSolution
		HideSolutionNode = FALSE
	EndGlobalSection
														GlobalSection(MonoDevelopProperties) = preSolution
		StartupItem = Assembly-CSharp.csproj
		Policies = $0
		$0.TextStylePolicy = $1
		$1.inheritsSet = null
		$1.scope = text/x-csharp
		$0.CSharpFormattingPolicy = $2
		$2.inheritsSet = Mono
		$2.inheritsScope = text/x-csharp
		$2.scope = text/x-csharp
		$0.TextStylePolicy = $3
		$3.FileWidth = 120
		$3.TabWidth = 4
		$3.EolMarker = Unix
		$3.inheritsSet = Mono
		$3.inheritsScope = text/plain
		$3.scope = text/plain
	EndGlobalSection

EndGlobal
